// !$*UTF8*$!
{
	archiveVersion = 1;
	classes = {
	};
	objectVersion = 39;
	objects = {
		014CEA490018CE3211CA2923 = {
			buildSettings = {
				COPY_PHASE_STRIP = NO;
				GCC_DYNAMIC_NO_PIC = NO;
				GCC_ENABLE_FIX_AND_CONTINUE = YES;
				GCC_GENERATE_DEBUGGING_SYMBOLS = YES;
				GCC_OPTIMIZATION_LEVEL = 0;
				ZERO_LINK = YES;
			};
			isa = PBXBuildStyle;
			name = Development;
		};
		014CEA4A0018CE3211CA2923 = {
			buildSettings = {
				COPY_PHASE_STRIP = YES;
				GCC_ENABLE_FIX_AND_CONTINUE = NO;
				ZERO_LINK = NO;
			};
			isa = PBXBuildStyle;
			name = Deployment;
		};
//010
//011
//012
//013
//014
//080
//081
//082
//083
//084
		08FB7793FE84155DC02AAC07 = {
			buildSettings = {
			};
			buildStyles = (
				014CEA490018CE3211CA2923,
				014CEA4A0018CE3211CA2923,
			);
			hasScannedForEncodings = 1;
			isa = PBXProject;
			mainGroup = 08FB7794FE84155DC02AAC07;
			projectDirPath = "";
			targets = (
				8DD76F740486A8DE00D96B5E,
			);
		};
		08FB7794FE84155DC02AAC07 = {
			children = (
				08FB7795FE84155DC02AAC07,
				C6859E96029091FE04C91782,
				08FB779DFE84155DC02AAC07,
				19C28FBDFE9D53C911CA2CBB,
			);
			isa = PBXGroup;
			name = daemondo;
			refType = 4;
			sourceTree = "<group>";
		};
		08FB7795FE84155DC02AAC07 = {
			children = (
				08FB7796FE84155DC02AAC07,
			);
			isa = PBXGroup;
			name = Source;
			refType = 4;
			sourceTree = "<group>";
		};
		08FB7796FE84155DC02AAC07 = {
			fileEncoding = 4;
			isa = PBXFileReference;
			lastKnownFileType = sourcecode.c.c;
			path = main.c;
			refType = 4;
			sourceTree = "<group>";
		};
		08FB779DFE84155DC02AAC07 = {
			children = (
				09AB6884FE841BABC02AAC07,
			);
			isa = PBXGroup;
			name = "External Frameworks and Libraries";
			refType = 4;
			sourceTree = "<group>";
		};
//080
//081
//082
//083
//084
//090
//091
//092
//093
//094
		09AB6884FE841BABC02AAC07 = {
			isa = PBXFileReference;
			lastKnownFileType = wrapper.framework;
			name = CoreFoundation.framework;
			path = /System/Library/Frameworks/CoreFoundation.framework;
			refType = 0;
			sourceTree = "<absolute>";
		};
//090
//091
//092
//093
//094
//190
//191
//192
//193
//194
		19C28FBDFE9D53C911CA2CBB = {
			children = (
				8DD76F7E0486A8DE00D96B5E,
			);
			isa = PBXGroup;
			name = Products;
			refType = 4;
			sourceTree = "<group>";
		};
//190
//191
//192
//193
//194
//8D0
//8D1
//8D2
//8D3
//8D4
		8DD76F740486A8DE00D96B5E = {
			buildPhases = (
				8DD76F760486A8DE00D96B5E,
				8DD76F780486A8DE00D96B5E,
				8DD76F7B0486A8DE00D96B5E,
			);
			buildRules = (
			);
			buildSettings = {
				GCC_GENERATE_DEBUGGING_SYMBOLS = NO;
				GCC_MODEL_TUNING = G5;
				GCC_WARN_ABOUT_RETURN_TYPE = YES;
				GCC_WARN_UNUSED_VARIABLE = YES;
				INSTALL_PATH = "$(HOME)/bin";
				PREBINDING = NO;
				PRODUCT_NAME = daemondo;
			};
			dependencies = (
			);
			isa = PBXNativeTarget;
			name = daemondo;
			productInstallPath = "$(HOME)/bin";
			productName = daemondo;
			productReference = 8DD76F7E0486A8DE00D96B5E;
			productType = "com.apple.product-type.tool";
		};
		8DD76F760486A8DE00D96B5E = {
			buildActionMask = 2147483647;
			files = (
				8DD76F770486A8DE00D96B5E,
			);
			isa = PBXSourcesBuildPhase;
			runOnlyForDeploymentPostprocessing = 0;
		};
		8DD76F770486A8DE00D96B5E = {
			fileRef = 08FB7796FE84155DC02AAC07;
			isa = PBXBuildFile;
			settings = {
				ATTRIBUTES = (
				);
			};
		};
		8DD76F780486A8DE00D96B5E = {
			buildActionMask = 2147483647;
			files = (
				8DD76F790486A8DE00D96B5E,
			);
			isa = PBXFrameworksBuildPhase;
			runOnlyForDeploymentPostprocessing = 0;
		};
		8DD76F790486A8DE00D96B5E = {
			fileRef = 09AB6884FE841BABC02AAC07;
			isa = PBXBuildFile;
			settings = {
			};
		};
		8DD76F7B0486A8DE00D96B5E = {
			buildActionMask = 8;
			dstPath = /usr/share/man/man1/;
			dstSubfolderSpec = 0;
			files = (
				8DD76F7C0486A8DE00D96B5E,
			);
			isa = PBXCopyFilesBuildPhase;
			runOnlyForDeploymentPostprocessing = 1;
		};
		8DD76F7C0486A8DE00D96B5E = {
			fileRef = C6859E970290921104C91782;
			isa = PBXBuildFile;
			settings = {
			};
		};
		8DD76F7E0486A8DE00D96B5E = {
			explicitFileType = "compiled.mach-o.executable";
			includeInIndex = 0;
			isa = PBXFileReference;
			path = daemondo;
			refType = 3;
			sourceTree = BUILT_PRODUCTS_DIR;
		};
//8D0
//8D1
//8D2
//8D3
//8D4
//C60
//C61
//C62
//C63
//C64
		C6859E96029091FE04C91782 = {
			children = (
				C6859E970290921104C91782,
			);
			isa = PBXGroup;
			name = Documentation;
			refType = 4;
			sourceTree = "<group>";
		};
		C6859E970290921104C91782 = {
			isa = PBXFileReference;
			lastKnownFileType = text.man;
			path = daemondo.1;
			refType = 4;
			sourceTree = "<group>";
		};
	};
	rootObject = 08FB7793FE84155DC02AAC07;
}
